
Microsoft Visual Studio Solution File, Format Version 12.00
# Visual Studio 15
VisualStudioVersion = 15.0.28307.168
MinimumVisualStudioVersion = 10.0.40219.1
Project("{FAE04EC0-301F-11D3-BF4B-00C04F79EFBC}") = "FDTS.WinApp", "FDTS.WinApp\FDTS.WinApp.csproj", "{2FD69F69-3DA8-4FEF-92D6-EE0D85F00725}"
EndProject
Project("{FAE04EC0-301F-11D3-BF4B-00C04F79EFBC}") = "FDTS.Web", "FDTS.Web\FDTS.Web.csproj", "{3FED3D4F-8A9B-4F7B-8654-3D06B6BBCE19}"
EndProject
Project("{FAE04EC0-301F-11D3-BF4B-00C04F79EFBC}") = "FDTS.Services", "FDTS.Services\FDTS.Services.csproj", "{4C9B2EC1-AB44-4A26-895D-3261C7D5FEF0}"
EndProject
Project("{FAE04EC0-301F-11D3-BF4B-00C04F79EFBC}") = "FDTS.Models", "FDTS.Models\FDTS.Models.csproj", "{90270494-654D-4E54-90F5-11FCBD3616DB}"
EndProject
Project("{FAE04EC0-301F-11D3-BF4B-00C04F79EFBC}") = "FDTS.Helpers", "FDTS.Helpers\FDTS.Helpers.csproj", "{44C8F1D8-44D0-4198-B588-781BECB767C4}"
EndProject
Global
	GlobalSection(SolutionConfigurationPlatforms) = preSolution
		Ad-Hoc|Any CPU = Ad-Hoc|Any CPU
		Ad-Hoc|ARM = Ad-Hoc|ARM
		Ad-Hoc|iPhone = Ad-Hoc|iPhone
		Ad-Hoc|iPhoneSimulator = Ad-Hoc|iPhoneSimulator
		Ad-Hoc|x64 = Ad-Hoc|x64
		Ad-Hoc|x86 = Ad-Hoc|x86
		AppStore|Any CPU = AppStore|Any CPU
		AppStore|ARM = AppStore|ARM
		AppStore|iPhone = AppStore|iPhone
		AppStore|iPhoneSimulator = AppStore|iPhoneSimulator
		AppStore|x64 = AppStore|x64
		AppStore|x86 = AppStore|x86
		Debug|Any CPU = Debug|Any CPU
		Debug|ARM = Debug|ARM
		Debug|iPhone = Debug|iPhone
		Debug|iPhoneSimulator = Debug|iPhoneSimulator
		Debug|x64 = Debug|x64
		Debug|x86 = Debug|x86
		Release|Any CPU = Release|Any CPU
		Release|ARM = Release|ARM
		Release|iPhone = Release|iPhone
		Release|iPhoneSimulator = Release|iPhoneSimulator
		Release|x64 = Release|x64
		Release|x86 = Release|x86
	EndGlobalSection
	GlobalSection(ProjectConfigurationPlatforms) = postSolution
		{2FD69F69-3DA8-4FEF-92D6-EE0D85F00725}.Ad-Hoc|Any CPU.ActiveCfg = Release|Any CPU
		{2FD69F69-3DA8-4FEF-92D6-EE0D85F00725}.Ad-Hoc|ARM.ActiveCfg = Release|Any CPU
		{2FD69F69-3DA8-4FEF-92D6-EE0D85F00725}.Ad-Hoc|iPhone.ActiveCfg = Release|Any CPU
		{2FD69F69-3DA8-4FEF-92D6-EE0D85F00725}.Ad-Hoc|iPhoneSimulator.ActiveCfg = Release|Any CPU
		{2FD69F69-3DA8-4FEF-92D6-EE0D85F00725}.Ad-Hoc|x64.ActiveCfg = Release|Any CPU
		{2FD69F69-3DA8-4FEF-92D6-EE0D85F00725}.Ad-Hoc|x86.ActiveCfg = Release|Any CPU
		{2FD69F69-3DA8-4FEF-92D6-EE0D85F00725}.AppStore|Any CPU.ActiveCfg = Release|Any CPU
		{2FD69F69-3DA8-4FEF-92D6-EE0D85F00725}.AppStore|ARM.ActiveCfg = Release|Any CPU
		{2FD69F69-3DA8-4FEF-92D6-EE0D85F00725}.AppStore|iPhone.ActiveCfg = Release|Any CPU
		{2FD69F69-3DA8-4FEF-92D6-EE0D85F00725}.AppStore|iPhoneSimulator.ActiveCfg = Release|Any CPU
		{2FD69F69-3DA8-4FEF-92D6-EE0D85F00725}.AppStore|x64.ActiveCfg = Release|Any CPU
		{2FD69F69-3DA8-4FEF-92D6-EE0D85F00725}.AppStore|x86.ActiveCfg = Release|Any CPU
		{2FD69F69-3DA8-4FEF-92D6-EE0D85F00725}.Debug|Any CPU.ActiveCfg = Debug|Any CPU
		{2FD69F69-3DA8-4FEF-92D6-EE0D85F00725}.Debug|Any CPU.Build.0 = Debug|Any CPU
		{2FD69F69-3DA8-4FEF-92D6-EE0D85F00725}.Debug|ARM.ActiveCfg = Debug|Any CPU
		{2FD69F69-3DA8-4FEF-92D6-EE0D85F00725}.Debug|iPhone.ActiveCfg = Debug|Any CPU
		{2FD69F69-3DA8-4FEF-92D6-EE0D85F00725}.Debug|iPhoneSimulator.ActiveCfg = Debug|Any CPU
		{2FD69F69-3DA8-4FEF-92D6-EE0D85F00725}.Debug|x64.ActiveCfg = Debug|Any CPU
		{2FD69F69-3DA8-4FEF-92D6-EE0D85F00725}.Debug|x86.ActiveCfg = Debug|Any CPU
		{2FD69F69-3DA8-4FEF-92D6-EE0D85F00725}.Release|Any CPU.ActiveCfg = Release|Any CPU
		{2FD69F69-3DA8-4FEF-92D6-EE0D85F00725}.Release|Any CPU.Build.0 = Release|Any CPU
		{2FD69F69-3DA8-4FEF-92D6-EE0D85F00725}.Release|ARM.ActiveCfg = Release|Any CPU
		{2FD69F69-3DA8-4FEF-92D6-EE0D85F00725}.Release|iPhone.ActiveCfg = Release|Any CPU
		{2FD69F69-3DA8-4FEF-92D6-EE0D85F00725}.Release|iPhoneSimulator.ActiveCfg = Release|Any CPU
		{2FD69F69-3DA8-4FEF-92D6-EE0D85F00725}.Release|x64.ActiveCfg = Release|Any CPU
		{2FD69F69-3DA8-4FEF-92D6-EE0D85F00725}.Release|x86.ActiveCfg = Release|Any CPU
		{3FED3D4F-8A9B-4F7B-8654-3D06B6BBCE19}.Ad-Hoc|Any CPU.ActiveCfg = Release|Any CPU
		{3FED3D4F-8A9B-4F7B-8654-3D06B6BBCE19}.Ad-Hoc|Any CPU.Build.0 = Release|Any CPU
		{3FED3D4F-8A9B-4F7B-8654-3D06B6BBCE19}.Ad-Hoc|ARM.ActiveCfg = Release|Any CPU
		{3FED3D4F-8A9B-4F7B-8654-3D06B6BBCE19}.Ad-Hoc|ARM.Build.0 = Release|Any CPU
		{3FED3D4F-8A9B-4F7B-8654-3D06B6BBCE19}.Ad-Hoc|iPhone.ActiveCfg = Release|Any CPU
		{3FED3D4F-8A9B-4F7B-8654-3D06B6BBCE19}.Ad-Hoc|iPhone.Build.0 = Release|Any CPU
		{3FED3D4F-8A9B-4F7B-8654-3D06B6BBCE19}.Ad-Hoc|iPhoneSimulator.ActiveCfg = Release|Any CPU
		{3FED3D4F-8A9B-4F7B-8654-3D06B6BBCE19}.Ad-Hoc|iPhoneSimulator.Build.0 = Release|Any CPU
		{3FED3D4F-8A9B-4F7B-8654-3D06B6BBCE19}.Ad-Hoc|x64.ActiveCfg = Release|Any CPU
		{3FED3D4F-8A9B-4F7B-8654-3D06B6BBCE19}.Ad-Hoc|x64.Build.0 = Release|Any CPU
		{3FED3D4F-8A9B-4F7B-8654-3D06B6BBCE19}.Ad-Hoc|x86.ActiveCfg = Release|Any CPU
		{3FED3D4F-8A9B-4F7B-8654-3D06B6BBCE19}.Ad-Hoc|x86.Build.0 = Release|Any CPU
		{3FED3D4F-8A9B-4F7B-8654-3D06B6BBCE19}.AppStore|Any CPU.ActiveCfg = Release|Any CPU
		{3FED3D4F-8A9B-4F7B-8654-3D06B6BBCE19}.AppStore|Any CPU.Build.0 = Release|Any CPU
		{3FED3D4F-8A9B-4F7B-8654-3D06B6BBCE19}.AppStore|ARM.ActiveCfg = Release|Any CPU
		{3FED3D4F-8A9B-4F7B-8654-3D06B6BBCE19}.AppStore|ARM.Build.0 = Release|Any CPU
		{3FED3D4F-8A9B-4F7B-8654-3D06B6BBCE19}.AppStore|iPhone.ActiveCfg = Release|Any CPU
		{3FED3D4F-8A9B-4F7B-8654-3D06B6BBCE19}.AppStore|iPhone.Build.0 = Release|Any CPU
		{3FED3D4F-8A9B-4F7B-8654-3D06B6BBCE19}.AppStore|iPhoneSimulator.ActiveCfg = Release|Any CPU
		{3FED3D4F-8A9B-4F7B-8654-3D06B6BBCE19}.AppStore|iPhoneSimulator.Build.0 = Release|Any CPU
		{3FED3D4F-8A9B-4F7B-8654-3D06B6BBCE19}.AppStore|x64.ActiveCfg = Release|Any CPU
		{3FED3D4F-8A9B-4F7B-8654-3D06B6BBCE19}.AppStore|x64.Build.0 = Release|Any CPU
		{3FED3D4F-8A9B-4F7B-8654-3D06B6BBCE19}.AppStore|x86.ActiveCfg = Release|Any CPU
		{3FED3D4F-8A9B-4F7B-8654-3D06B6BBCE19}.AppStore|x86.Build.0 = Release|Any CPU
		{3FED3D4F-8A9B-4F7B-8654-3D06B6BBCE19}.Debug|Any CPU.ActiveCfg = Debug|Any CPU
		{3FED3D4F-8A9B-4F7B-8654-3D06B6BBCE19}.Debug|Any CPU.Build.0 = Debug|Any CPU
		{3FED3D4F-8A9B-4F7B-8654-3D06B6BBCE19}.Debug|ARM.ActiveCfg = Debug|Any CPU
		{3FED3D4F-8A9B-4F7B-8654-3D06B6BBCE19}.Debug|ARM.Build.0 = Debug|Any CPU
		{3FED3D4F-8A9B-4F7B-8654-3D06B6BBCE19}.Debug|iPhone.ActiveCfg = Debug|Any CPU
		{3FED3D4F-8A9B-4F7B-8654-3D06B6BBCE19}.Debug|iPhone.Build.0 = Debug|Any CPU
		{3FED3D4F-8A9B-4F7B-8654-3D06B6BBCE19}.Debug|iPhoneSimulator.ActiveCfg = Debug|Any CPU
		{3FED3D4F-8A9B-4F7B-8654-3D06B6BBCE19}.Debug|iPhoneSimulator.Build.0 = Debug|Any CPU
		{3FED3D4F-8A9B-4F7B-8654-3D06B6BBCE19}.Debug|x64.ActiveCfg = Debug|Any CPU
		{3FED3D4F-8A9B-4F7B-8654-3D06B6BBCE19}.Debug|x64.Build.0 = Debug|Any CPU
		{3FED3D4F-8A9B-4F7B-8654-3D06B6BBCE19}.Debug|x86.ActiveCfg = Debug|Any CPU
		{3FED3D4F-8A9B-4F7B-8654-3D06B6BBCE19}.Debug|x86.Build.0 = Debug|Any CPU
		{3FED3D4F-8A9B-4F7B-8654-3D06B6BBCE19}.Release|Any CPU.ActiveCfg = Release|Any CPU
		{3FED3D4F-8A9B-4F7B-8654-3D06B6BBCE19}.Release|Any CPU.Build.0 = Release|Any CPU
		{3FED3D4F-8A9B-4F7B-8654-3D06B6BBCE19}.Release|ARM.ActiveCfg = Release|Any CPU
		{3FED3D4F-8A9B-4F7B-8654-3D06B6BBCE19}.Release|ARM.Build.0 = Release|Any CPU
		{3FED3D4F-8A9B-4F7B-8654-3D06B6BBCE19}.Release|iPhone.ActiveCfg = Release|Any CPU
		{3FED3D4F-8A9B-4F7B-8654-3D06B6BBCE19}.Release|iPhone.Build.0 = Release|Any CPU
		{3FED3D4F-8A9B-4F7B-8654-3D06B6BBCE19}.Release|iPhoneSimulator.ActiveCfg = Release|Any CPU
		{3FED3D4F-8A9B-4F7B-8654-3D06B6BBCE19}.Release|iPhoneSimulator.Build.0 = Release|Any CPU
		{3FED3D4F-8A9B-4F7B-8654-3D06B6BBCE19}.Release|x64.ActiveCfg = Release|Any CPU
		{3FED3D4F-8A9B-4F7B-8654-3D06B6BBCE19}.Release|x64.Build.0 = Release|Any CPU
		{3FED3D4F-8A9B-4F7B-8654-3D06B6BBCE19}.Release|x86.ActiveCfg = Release|Any CPU
		{3FED3D4F-8A9B-4F7B-8654-3D06B6BBCE19}.Release|x86.Build.0 = Release|Any CPU
		{4C9B2EC1-AB44-4A26-895D-3261C7D5FEF0}.Ad-Hoc|Any CPU.ActiveCfg = Release|Any CPU
		{4C9B2EC1-AB44-4A26-895D-3261C7D5FEF0}.Ad-Hoc|Any CPU.Build.0 = Release|Any CPU
		{4C9B2EC1-AB44-4A26-895D-3261C7D5FEF0}.Ad-Hoc|ARM.ActiveCfg = Release|Any CPU
		{4C9B2EC1-AB44-4A26-895D-3261C7D5FEF0}.Ad-Hoc|ARM.Build.0 = Release|Any CPU
		{4C9B2EC1-AB44-4A26-895D-3261C7D5FEF0}.Ad-Hoc|iPhone.ActiveCfg = Release|Any CPU
		{4C9B2EC1-AB44-4A26-895D-3261C7D5FEF0}.Ad-Hoc|iPhone.Build.0 = Release|Any CPU
		{4C9B2EC1-AB44-4A26-895D-3261C7D5FEF0}.Ad-Hoc|iPhoneSimulator.ActiveCfg = Release|Any CPU
		{4C9B2EC1-AB44-4A26-895D-3261C7D5FEF0}.Ad-Hoc|iPhoneSimulator.Build.0 = Release|Any CPU
		{4C9B2EC1-AB44-4A26-895D-3261C7D5FEF0}.Ad-Hoc|x64.ActiveCfg = Release|Any CPU
		{4C9B2EC1-AB44-4A26-895D-3261C7D5FEF0}.Ad-Hoc|x64.Build.0 = Release|Any CPU
		{4C9B2EC1-AB44-4A26-895D-3261C7D5FEF0}.Ad-Hoc|x86.ActiveCfg = Release|Any CPU
		{4C9B2EC1-AB44-4A26-895D-3261C7D5FEF0}.Ad-Hoc|x86.Build.0 = Release|Any CPU
		{4C9B2EC1-AB44-4A26-895D-3261C7D5FEF0}.AppStore|Any CPU.ActiveCfg = Release|Any CPU
		{4C9B2EC1-AB44-4A26-895D-3261C7D5FEF0}.AppStore|Any CPU.Build.0 = Release|Any CPU
		{4C9B2EC1-AB44-4A26-895D-3261C7D5FEF0}.AppStore|ARM.ActiveCfg = Release|Any CPU
		{4C9B2EC1-AB44-4A26-895D-3261C7D5FEF0}.AppStore|ARM.Build.0 = Release|Any CPU
		{4C9B2EC1-AB44-4A26-895D-3261C7D5FEF0}.AppStore|iPhone.ActiveCfg = Release|Any CPU
		{4C9B2EC1-AB44-4A26-895D-3261C7D5FEF0}.AppStore|iPhone.Build.0 = Release|Any CPU
		{4C9B2EC1-AB44-4A26-895D-3261C7D5FEF0}.AppStore|iPhoneSimulator.ActiveCfg = Release|Any CPU
		{4C9B2EC1-AB44-4A26-895D-3261C7D5FEF0}.AppStore|iPhoneSimulator.Build.0 = Release|Any CPU
		{4C9B2EC1-AB44-4A26-895D-3261C7D5FEF0}.AppStore|x64.ActiveCfg = Release|Any CPU
		{4C9B2EC1-AB44-4A26-895D-3261C7D5FEF0}.AppStore|x64.Build.0 = Release|Any CPU
		{4C9B2EC1-AB44-4A26-895D-3261C7D5FEF0}.AppStore|x86.ActiveCfg = Release|Any CPU
		{4C9B2EC1-AB44-4A26-895D-3261C7D5FEF0}.AppStore|x86.Build.0 = Release|Any CPU
		{4C9B2EC1-AB44-4A26-895D-3261C7D5FEF0}.Debug|Any CPU.ActiveCfg = Debug|Any CPU
		{4C9B2EC1-AB44-4A26-895D-3261C7D5FEF0}.Debug|Any CPU.Build.0 = Debug|Any CPU
		{4C9B2EC1-AB44-4A26-895D-3261C7D5FEF0}.Debug|ARM.ActiveCfg = Debug|Any CPU
		{4C9B2EC1-AB44-4A26-895D-3261C7D5FEF0}.Debug|ARM.Build.0 = Debug|Any CPU
		{4C9B2EC1-AB44-4A26-895D-3261C7D5FEF0}.Debug|iPhone.ActiveCfg = Debug|Any CPU
		{4C9B2EC1-AB44-4A26-895D-3261C7D5FEF0}.Debug|iPhone.Build.0 = Debug|Any CPU
		{4C9B2EC1-AB44-4A26-895D-3261C7D5FEF0}.Debug|iPhoneSimulator.ActiveCfg = Debug|Any CPU
		{4C9B2EC1-AB44-4A26-895D-3261C7D5FEF0}.Debug|iPhoneSimulator.Build.0 = Debug|Any CPU
		{4C9B2EC1-AB44-4A26-895D-3261C7D5FEF0}.Debug|x64.ActiveCfg = Debug|Any CPU
		{4C9B2EC1-AB44-4A26-895D-3261C7D5FEF0}.Debug|x64.Build.0 = Debug|Any CPU
		{4C9B2EC1-AB44-4A26-895D-3261C7D5FEF0}.Debug|x86.ActiveCfg = Debug|Any CPU
		{4C9B2EC1-AB44-4A26-895D-3261C7D5FEF0}.Debug|x86.Build.0 = Debug|Any CPU
		{4C9B2EC1-AB44-4A26-895D-3261C7D5FEF0}.Release|Any CPU.ActiveCfg = Release|Any CPU
		{4C9B2EC1-AB44-4A26-895D-3261C7D5FEF0}.Release|Any CPU.Build.0 = Release|Any CPU
		{4C9B2EC1-AB44-4A26-895D-3261C7D5FEF0}.Release|ARM.ActiveCfg = Release|Any CPU
		{4C9B2EC1-AB44-4A26-895D-3261C7D5FEF0}.Release|ARM.Build.0 = Release|Any CPU
		{4C9B2EC1-AB44-4A26-895D-3261C7D5FEF0}.Release|iPhone.ActiveCfg = Release|Any CPU
		{4C9B2EC1-AB44-4A26-895D-3261C7D5FEF0}.Release|iPhone.Build.0 = Release|Any CPU
		{4C9B2EC1-AB44-4A26-895D-3261C7D5FEF0}.Release|iPhoneSimulator.ActiveCfg = Release|Any CPU
		{4C9B2EC1-AB44-4A26-895D-3261C7D5FEF0}.Release|iPhoneSimulator.Build.0 = Release|Any CPU
		{4C9B2EC1-AB44-4A26-895D-3261C7D5FEF0}.Release|x64.ActiveCfg = Release|Any CPU
		{4C9B2EC1-AB44-4A26-895D-3261C7D5FEF0}.Release|x64.Build.0 = Release|Any CPU
		{4C9B2EC1-AB44-4A26-895D-3261C7D5FEF0}.Release|x86.ActiveCfg = Release|Any CPU
		{4C9B2EC1-AB44-4A26-895D-3261C7D5FEF0}.Release|x86.Build.0 = Release|Any CPU
		{90270494-654D-4E54-90F5-11FCBD3616DB}.Ad-Hoc|Any CPU.ActiveCfg = Release|Any CPU
		{90270494-654D-4E54-90F5-11FCBD3616DB}.Ad-Hoc|Any CPU.Build.0 = Release|Any CPU
		{90270494-654D-4E54-90F5-11FCBD3616DB}.Ad-Hoc|ARM.ActiveCfg = Release|Any CPU
		{90270494-654D-4E54-90F5-11FCBD3616DB}.Ad-Hoc|ARM.Build.0 = Release|Any CPU
		{90270494-654D-4E54-90F5-11FCBD3616DB}.Ad-Hoc|iPhone.ActiveCfg = Release|Any CPU
		{90270494-654D-4E54-90F5-11FCBD3616DB}.Ad-Hoc|iPhone.Build.0 = Release|Any CPU
		{90270494-654D-4E54-90F5-11FCBD3616DB}.Ad-Hoc|iPhoneSimulator.ActiveCfg = Release|Any CPU
		{90270494-654D-4E54-90F5-11FCBD3616DB}.Ad-Hoc|iPhoneSimulator.Build.0 = Release|Any CPU
		{90270494-654D-4E54-90F5-11FCBD3616DB}.Ad-Hoc|x64.ActiveCfg = Release|Any CPU
		{90270494-654D-4E54-90F5-11FCBD3616DB}.Ad-Hoc|x64.Build.0 = Release|Any CPU
		{90270494-654D-4E54-90F5-11FCBD3616DB}.Ad-Hoc|x86.ActiveCfg = Release|Any CPU
		{90270494-654D-4E54-90F5-11FCBD3616DB}.Ad-Hoc|x86.Build.0 = Release|Any CPU
		{90270494-654D-4E54-90F5-11FCBD3616DB}.AppStore|Any CPU.ActiveCfg = Release|Any CPU
		{90270494-654D-4E54-90F5-11FCBD3616DB}.AppStore|Any CPU.Build.0 = Release|Any CPU
		{90270494-654D-4E54-90F5-11FCBD3616DB}.AppStore|ARM.ActiveCfg = Release|Any CPU
		{90270494-654D-4E54-90F5-11FCBD3616DB}.AppStore|ARM.Build.0 = Release|Any CPU
		{90270494-654D-4E54-90F5-11FCBD3616DB}.AppStore|iPhone.ActiveCfg = Release|Any CPU
		{90270494-654D-4E54-90F5-11FCBD3616DB}.AppStore|iPhone.Build.0 = Release|Any CPU
		{90270494-654D-4E54-90F5-11FCBD3616DB}.AppStore|iPhoneSimulator.ActiveCfg = Release|Any CPU
		{90270494-654D-4E54-90F5-11FCBD3616DB}.AppStore|iPhoneSimulator.Build.0 = Release|Any CPU
		{90270494-654D-4E54-90F5-11FCBD3616DB}.AppStore|x64.ActiveCfg = Release|Any CPU
		{90270494-654D-4E54-90F5-11FCBD3616DB}.AppStore|x64.Build.0 = Release|Any CPU
		{90270494-654D-4E54-90F5-11FCBD3616DB}.AppStore|x86.ActiveCfg = Release|Any CPU
		{90270494-654D-4E54-90F5-11FCBD3616DB}.AppStore|x86.Build.0 = Release|Any CPU
		{90270494-654D-4E54-90F5-11FCBD3616DB}.Debug|Any CPU.ActiveCfg = Debug|Any CPU
		{90270494-654D-4E54-90F5-11FCBD3616DB}.Debug|Any CPU.Build.0 = Debug|Any CPU
		{90270494-654D-4E54-90F5-11FCBD3616DB}.Debug|ARM.ActiveCfg = Debug|Any CPU
		{90270494-654D-4E54-90F5-11FCBD3616DB}.Debug|ARM.Build.0 = Debug|Any CPU
		{90270494-654D-4E54-90F5-11FCBD3616DB}.Debug|iPhone.ActiveCfg = Debug|Any CPU
		{90270494-654D-4E54-90F5-11FCBD3616DB}.Debug|iPhone.Build.0 = Debug|Any CPU
		{90270494-654D-4E54-90F5-11FCBD3616DB}.Debug|iPhoneSimulator.ActiveCfg = Debug|Any CPU
		{90270494-654D-4E54-90F5-11FCBD3616DB}.Debug|iPhoneSimulator.Build.0 = Debug|Any CPU
		{90270494-654D-4E54-90F5-11FCBD3616DB}.Debug|x64.ActiveCfg = Debug|Any CPU
		{90270494-654D-4E54-90F5-11FCBD3616DB}.Debug|x64.Build.0 = Debug|Any CPU
		{90270494-654D-4E54-90F5-11FCBD3616DB}.Debug|x86.ActiveCfg = Debug|Any CPU
		{90270494-654D-4E54-90F5-11FCBD3616DB}.Debug|x86.Build.0 = Debug|Any CPU
		{90270494-654D-4E54-90F5-11FCBD3616DB}.Release|Any CPU.ActiveCfg = Release|Any CPU
		{90270494-654D-4E54-90F5-11FCBD3616DB}.Release|Any CPU.Build.0 = Release|Any CPU
		{90270494-654D-4E54-90F5-11FCBD3616DB}.Release|ARM.ActiveCfg = Release|Any CPU
		{90270494-654D-4E54-90F5-11FCBD3616DB}.Release|ARM.Build.0 = Release|Any CPU
		{90270494-654D-4E54-90F5-11FCBD3616DB}.Release|iPhone.ActiveCfg = Release|Any CPU
		{90270494-654D-4E54-90F5-11FCBD3616DB}.Release|iPhone.Build.0 = Release|Any CPU
		{90270494-654D-4E54-90F5-11FCBD3616DB}.Release|iPhoneSimulator.ActiveCfg = Release|Any CPU
		{90270494-654D-4E54-90F5-11FCBD3616DB}.Release|iPhoneSimulator.Build.0 = Release|Any CPU
		{90270494-654D-4E54-90F5-11FCBD3616DB}.Release|x64.ActiveCfg = Release|Any CPU
		{90270494-654D-4E54-90F5-11FCBD3616DB}.Release|x64.Build.0 = Release|Any CPU
		{90270494-654D-4E54-90F5-11FCBD3616DB}.Release|x86.ActiveCfg = Release|Any CPU
		{90270494-654D-4E54-90F5-11FCBD3616DB}.Release|x86.Build.0 = Release|Any CPU
		{44C8F1D8-44D0-4198-B588-781BECB767C4}.Ad-Hoc|Any CPU.ActiveCfg = Release|Any CPU
		{44C8F1D8-44D0-4198-B588-781BECB767C4}.Ad-Hoc|Any CPU.Build.0 = Release|Any CPU
		{44C8F1D8-44D0-4198-B588-781BECB767C4}.Ad-Hoc|ARM.ActiveCfg = Release|Any CPU
		{44C8F1D8-44D0-4198-B588-781BECB767C4}.Ad-Hoc|ARM.Build.0 = Release|Any CPU
		{44C8F1D8-44D0-4198-B588-781BECB767C4}.Ad-Hoc|iPhone.ActiveCfg = Release|Any CPU
		{44C8F1D8-44D0-4198-B588-781BECB767C4}.Ad-Hoc|iPhone.Build.0 = Release|Any CPU
		{44C8F1D8-44D0-4198-B588-781BECB767C4}.Ad-Hoc|iPhoneSimulator.ActiveCfg = Release|Any CPU
		{44C8F1D8-44D0-4198-B588-781BECB767C4}.Ad-Hoc|iPhoneSimulator.Build.0 = Release|Any CPU
		{44C8F1D8-44D0-4198-B588-781BECB767C4}.Ad-Hoc|x64.ActiveCfg = Release|Any CPU
		{44C8F1D8-44D0-4198-B588-781BECB767C4}.Ad-Hoc|x64.Build.0 = Release|Any CPU
		{44C8F1D8-44D0-4198-B588-781BECB767C4}.Ad-Hoc|x86.ActiveCfg = Release|Any CPU
		{44C8F1D8-44D0-4198-B588-781BECB767C4}.Ad-Hoc|x86.Build.0 = Release|Any CPU
		{44C8F1D8-44D0-4198-B588-781BECB767C4}.AppStore|Any CPU.ActiveCfg = Release|Any CPU
		{44C8F1D8-44D0-4198-B588-781BECB767C4}.AppStore|Any CPU.Build.0 = Release|Any CPU
		{44C8F1D8-44D0-4198-B588-781BECB767C4}.AppStore|ARM.ActiveCfg = Release|Any CPU
		{44C8F1D8-44D0-4198-B588-781BECB767C4}.AppStore|ARM.Build.0 = Release|Any CPU
		{44C8F1D8-44D0-4198-B588-781BECB767C4}.AppStore|iPhone.ActiveCfg = Release|Any CPU
		{44C8F1D8-44D0-4198-B588-781BECB767C4}.AppStore|iPhone.Build.0 = Release|Any CPU
		{44C8F1D8-44D0-4198-B588-781BECB767C4}.AppStore|iPhoneSimulator.ActiveCfg = Release|Any CPU
		{44C8F1D8-44D0-4198-B588-781BECB767C4}.AppStore|iPhoneSimulator.Build.0 = Release|Any CPU
		{44C8F1D8-44D0-4198-B588-781BECB767C4}.AppStore|x64.ActiveCfg = Release|Any CPU
		{44C8F1D8-44D0-4198-B588-781BECB767C4}.AppStore|x64.Build.0 = Release|Any CPU
		{44C8F1D8-44D0-4198-B588-781BECB767C4}.AppStore|x86.ActiveCfg = Release|Any CPU
		{44C8F1D8-44D0-4198-B588-781BECB767C4}.AppStore|x86.Build.0 = Release|Any CPU
		{44C8F1D8-44D0-4198-B588-781BECB767C4}.Debug|Any CPU.ActiveCfg = Debug|Any CPU
		{44C8F1D8-44D0-4198-B588-781BECB767C4}.Debug|Any CPU.Build.0 = Debug|Any CPU
		{44C8F1D8-44D0-4198-B588-781BECB767C4}.Debug|ARM.ActiveCfg = Debug|Any CPU
		{44C8F1D8-44D0-4198-B588-781BECB767C4}.Debug|ARM.Build.0 = Debug|Any CPU
		{44C8F1D8-44D0-4198-B588-781BECB767C4}.Debug|iPhone.ActiveCfg = Debug|Any CPU
		{44C8F1D8-44D0-4198-B588-781BECB767C4}.Debug|iPhone.Build.0 = Debug|Any CPU
		{44C8F1D8-44D0-4198-B588-781BECB767C4}.Debug|iPhoneSimulator.ActiveCfg = Debug|Any CPU
		{44C8F1D8-44D0-4198-B588-781BECB767C4}.Debug|iPhoneSimulator.Build.0 = Debug|Any CPU
		{44C8F1D8-44D0-4198-B588-781BECB767C4}.Debug|x64.ActiveCfg = Debug|Any CPU
		{44C8F1D8-44D0-4198-B588-781BECB767C4}.Debug|x64.Build.0 = Debug|Any CPU
		{44C8F1D8-44D0-4198-B588-781BECB767C4}.Debug|x86.ActiveCfg = Debug|Any CPU
		{44C8F1D8-44D0-4198-B588-781BECB767C4}.Debug|x86.Build.0 = Debug|Any CPU
		{44C8F1D8-44D0-4198-B588-781BECB767C4}.Release|Any CPU.ActiveCfg = Release|Any CPU
		{44C8F1D8-44D0-4198-B588-781BECB767C4}.Release|Any CPU.Build.0 = Release|Any CPU
		{44C8F1D8-44D0-4198-B588-781BECB767C4}.Release|ARM.ActiveCfg = Release|Any CPU
		{44C8F1D8-44D0-4198-B588-781BECB767C4}.Release|ARM.Build.0 = Release|Any CPU
		{44C8F1D8-44D0-4198-B588-781BECB767C4}.Release|iPhone.ActiveCfg = Release|Any CPU
		{44C8F1D8-44D0-4198-B588-781BECB767C4}.Release|iPhone.Build.0 = Release|Any CPU
		{44C8F1D8-44D0-4198-B588-781BECB767C4}.Release|iPhoneSimulator.ActiveCfg = Release|Any CPU
		{44C8F1D8-44D0-4198-B588-781BECB767C4}.Release|iPhoneSimulator.Build.0 = Release|Any CPU
		{44C8F1D8-44D0-4198-B588-781BECB767C4}.Release|x64.ActiveCfg = Release|Any CPU
		{44C8F1D8-44D0-4198-B588-781BECB767C4}.Release|x64.Build.0 = Release|Any CPU
		{44C8F1D8-44D0-4198-B588-781BECB767C4}.Release|x86.ActiveCfg = Release|Any CPU
		{44C8F1D8-44D0-4198-B588-781BECB767C4}.Release|x86.Build.0 = Release|Any CPU
	EndGlobalSection
	GlobalSection(SolutionProperties) = preSolution
		HideSolutionNode = FALSE
	EndGlobalSection
	GlobalSection(ExtensibilityGlobals) = postSolution
		SolutionGuid = {2786EB4B-59C2-4EE4-9566-FE4BF0C6CEAE}
	EndGlobalSection
EndGlobal
